
Microsoft Visual Studio Solution File, Format Version 12.00
# Visual Studio 15
VisualStudioVersion = 15.0.28307.168
MinimumVisualStudioVersion = 10.0.40219.1
Project("{FAE04EC0-301F-11D3-BF4B-00C04F79EFBC}") = "Hackathon", "Hackathon\Hackathon.csproj", "{6ED7B28D-F4F5-4261-9E83-39E042E83D30}"
EndProject
Global
	GlobalSection(SolutionConfigurationPlatforms) = preSolution
		Debug|Any CPU = Debug|Any CPU
		Release|Any CPU = Release|Any CPU
	EndGlobalSection
	GlobalSection(ProjectConfigurationPlatforms) = postSolution
		{6ED7B28D-F4F5-4261-9E83-39E042E83D30}.Debug|Any CPU.ActiveCfg = Debug|Any CPU
		{6ED7B28D-F4F5-4261-9E83-39E042E83D30}.Debug|Any CPU.Build.0 = Debug|Any CPU
		{6ED7B28D-F4F5-4261-9E83-39E042E83D30}.Release|Any CPU.ActiveCfg = Release|Any CPU
		{6ED7B28D-F4F5-4261-9E83-39E042E83D30}.Release|Any CPU.Build.0 = Release|Any CPU
	EndGlobalSection
	GlobalSection(SolutionProperties) = preSolution
		HideSolutionNode = FALSE
	EndGlobalSection
	GlobalSection(ExtensibilityGlobals) = postSolution
		SolutionGuid = {BE5BA97B-FC01-4D46-B122-2B55931D6F41}
	EndGlobalSection
EndGlobal
